
Microsoft Visual Studio Solution File, Format Version 12.00
# Visual Studio Version 16
VisualStudioVersion = 16.0.30011.22
MinimumVisualStudioVersion = 10.0.40219.1
Project("{FAE04EC0-301F-11D3-BF4B-00C04F79EFBC}") = "Jakoben.FileReader", "Jakoben.FileReader\Jakoben.FileReader.csproj", "{F9DFEED5-A32B-4C24-8A50-8A52BF528C2C}"
EndProject
Project("{FAE04EC0-301F-11D3-BF4B-00C04F79EFBC}") = "Jakoben.ConsoleApp", "Jakoben.ConsoleApp\Jakoben.ConsoleApp.csproj", "{959B1DF0-0EB7-4F15-9561-ADFAA80A80FD}"
EndProject
Global
	GlobalSection(SolutionConfigurationPlatforms) = preSolution
		Debug|Any CPU = Debug|Any CPU
		Release|Any CPU = Release|Any CPU
	EndGlobalSection
	GlobalSection(ProjectConfigurationPlatforms) = postSolution
		{F9DFEED5-A32B-4C24-8A50-8A52BF528C2C}.Debug|Any CPU.ActiveCfg = Debug|Any CPU
		{F9DFEED5-A32B-4C24-8A50-8A52BF528C2C}.Debug|Any CPU.Build.0 = Debug|Any CPU
		{F9DFEED5-A32B-4C24-8A50-8A52BF528C2C}.Release|Any CPU.ActiveCfg = Release|Any CPU
		{F9DFEED5-A32B-4C24-8A50-8A52BF528C2C}.Release|Any CPU.Build.0 = Release|Any CPU
		{959B1DF0-0EB7-4F15-9561-ADFAA80A80FD}.Debug|Any CPU.ActiveCfg = Debug|Any CPU
		{959B1DF0-0EB7-4F15-9561-ADFAA80A80FD}.Debug|Any CPU.Build.0 = Debug|Any CPU
		{959B1DF0-0EB7-4F15-9561-ADFAA80A80FD}.Release|Any CPU.ActiveCfg = Release|Any CPU
		{959B1DF0-0EB7-4F15-9561-ADFAA80A80FD}.Release|Any CPU.Build.0 = Release|Any CPU
	EndGlobalSection
	GlobalSection(SolutionProperties) = preSolution
		HideSolutionNode = FALSE
	EndGlobalSection
	GlobalSection(ExtensibilityGlobals) = postSolution
		SolutionGuid = {32F1BF67-5B0C-4C87-BEA1-E86348F1AAAD}
	EndGlobalSection
EndGlobal
